
Microsoft Visual Studio Solution File, Format Version 12.00
# Visual Studio Version 17
VisualStudioVersion = 17.0.32126.317
MinimumVisualStudioVersion = 10.0.40219.1
Project("{FAE04EC0-301F-11D3-BF4B-00C04F79EFBC}") = "PersonalTracking", "PersonalTracking.csproj", "{43FB38C5-C76A-4BD9-B9F6-66EBC064D8DB}"
EndProject
Project("{FAE04EC0-301F-11D3-BF4B-00C04F79EFBC}") = "BLL", "..\BLL\BLL.csproj", "{88E24ABD-9669-48A0-AE03-83CCDF77DC2F}"
EndProject
Project("{FAE04EC0-301F-11D3-BF4B-00C04F79EFBC}") = "DAL", "..\DAL\DAL.csproj", "{25D66447-406E-446C-86C5-FFE7D08115C6}"
EndProject
Global
	GlobalSection(SolutionConfigurationPlatforms) = preSolution
		Debug|Any CPU = Debug|Any CPU
		Release|Any CPU = Release|Any CPU
	EndGlobalSection
	GlobalSection(ProjectConfigurationPlatforms) = postSolution
		{43FB38C5-C76A-4BD9-B9F6-66EBC064D8DB}.Debug|Any CPU.ActiveCfg = Debug|Any CPU
		{43FB38C5-C76A-4BD9-B9F6-66EBC064D8DB}.Debug|Any CPU.Build.0 = Debug|Any CPU
		{43FB38C5-C76A-4BD9-B9F6-66EBC064D8DB}.Release|Any CPU.ActiveCfg = Release|Any CPU
		{43FB38C5-C76A-4BD9-B9F6-66EBC064D8DB}.Release|Any CPU.Build.0 = Release|Any CPU
		{88E24ABD-9669-48A0-AE03-83CCDF77DC2F}.Debug|Any CPU.ActiveCfg = Debug|Any CPU
		{88E24ABD-9669-48A0-AE03-83CCDF77DC2F}.Debug|Any CPU.Build.0 = Debug|Any CPU
		{88E24ABD-9669-48A0-AE03-83CCDF77DC2F}.Release|Any CPU.ActiveCfg = Release|Any CPU
		{88E24ABD-9669-48A0-AE03-83CCDF77DC2F}.Release|Any CPU.Build.0 = Release|Any CPU
		{25D66447-406E-446C-86C5-FFE7D08115C6}.Debug|Any CPU.ActiveCfg = Debug|Any CPU
		{25D66447-406E-446C-86C5-FFE7D08115C6}.Debug|Any CPU.Build.0 = Debug|Any CPU
		{25D66447-406E-446C-86C5-FFE7D08115C6}.Release|Any CPU.ActiveCfg = Release|Any CPU
		{25D66447-406E-446C-86C5-FFE7D08115C6}.Release|Any CPU.Build.0 = Release|Any CPU
	EndGlobalSection
	GlobalSection(SolutionProperties) = preSolution
		HideSolutionNode = FALSE
	EndGlobalSection
	GlobalSection(ExtensibilityGlobals) = postSolution
		SolutionGuid = {EBEF7D05-EA6E-4863-B3F2-485356ED2841}
	EndGlobalSection
EndGlobal
